
Microsoft Visual Studio Solution File, Format Version 12.00
# Visual Studio Version 17
VisualStudioVersion = 17.5.33530.505
MinimumVisualStudioVersion = 10.0.40219.1
Project("{FAE04EC0-301F-11D3-BF4B-00C04F79EFBC}") = "LikeNotion.Server", "Server\LikeNotion.Server.csproj", "{EAA45CBE-2E82-402B-B472-4A67C3651539}"
EndProject
Project("{FAE04EC0-301F-11D3-BF4B-00C04F79EFBC}") = "LikeNotion.Client", "Client\LikeNotion.Client.csproj", "{8D1B9AB9-2CAB-45B3-A2B2-B1358730DC40}"
EndProject
Project("{FAE04EC0-301F-11D3-BF4B-00C04F79EFBC}") = "LikeNotion.Shared", "Shared\LikeNotion.Shared.csproj", "{9774727B-C405-417C-97C3-08A544697E98}"
EndProject
Global
	GlobalSection(SolutionConfigurationPlatforms) = preSolution
		Debug|Any CPU = Debug|Any CPU
		Release|Any CPU = Release|Any CPU
	EndGlobalSection
	GlobalSection(ProjectConfigurationPlatforms) = postSolution
		{EAA45CBE-2E82-402B-B472-4A67C3651539}.Debug|Any CPU.ActiveCfg = Debug|Any CPU
		{EAA45CBE-2E82-402B-B472-4A67C3651539}.Debug|Any CPU.Build.0 = Debug|Any CPU
		{EAA45CBE-2E82-402B-B472-4A67C3651539}.Release|Any CPU.ActiveCfg = Release|Any CPU
		{EAA45CBE-2E82-402B-B472-4A67C3651539}.Release|Any CPU.Build.0 = Release|Any CPU
		{8D1B9AB9-2CAB-45B3-A2B2-B1358730DC40}.Debug|Any CPU.ActiveCfg = Debug|Any CPU
		{8D1B9AB9-2CAB-45B3-A2B2-B1358730DC40}.Debug|Any CPU.Build.0 = Debug|Any CPU
		{8D1B9AB9-2CAB-45B3-A2B2-B1358730DC40}.Release|Any CPU.ActiveCfg = Release|Any CPU
		{8D1B9AB9-2CAB-45B3-A2B2-B1358730DC40}.Release|Any CPU.Build.0 = Release|Any CPU
		{9774727B-C405-417C-97C3-08A544697E98}.Debug|Any CPU.ActiveCfg = Debug|Any CPU
		{9774727B-C405-417C-97C3-08A544697E98}.Debug|Any CPU.Build.0 = Debug|Any CPU
		{9774727B-C405-417C-97C3-08A544697E98}.Release|Any CPU.ActiveCfg = Release|Any CPU
		{9774727B-C405-417C-97C3-08A544697E98}.Release|Any CPU.Build.0 = Release|Any CPU
	EndGlobalSection
	GlobalSection(SolutionProperties) = preSolution
		HideSolutionNode = FALSE
	EndGlobalSection
	GlobalSection(ExtensibilityGlobals) = postSolution
		SolutionGuid = {4143CE65-08C0-4D52-98BF-6C303750AE3E}
	EndGlobalSection
EndGlobal
